fyne.io/fyne/v2 v2.6.2 h1:RPgwmXWn+EuP/TKwO7w5p73ILVC26qHD9j3CZUZNwgM=
fyne.io/fyne/v2 v2.6.2/go.mod h1:9IJ8uWgzfcMossFoUkLiOrUIEtaDvF4nML114WiCtXU=
fyne.io/systray v1.11.0 h1:D9HISlxSkx+jHSniMBR6fCFOUjk1x/OOOJLa9lJYAKg=
fyne.io/systray v1.11.0/go.mod h1:RVwqP9nYMo7h5zViCBHri2FgjXF7H2cub7MAq4NSoLs=
github.com/BurntSushi/toml v1.4.0 h1:kuoIxZQy2WRRk1pttg9asf+WVv6tWQuBNVmK8+nqPr0=
github.com/BurntSushi/toml v1.4.0/go.mod h1:ukJfTF/6rtPPRCnwkur4qwRxa8vTRFBF0uk2lLoLwho=
github.com/akavel/rsrc v0.10.2 h1:Zxm8V5eI1hW4gGaYsJQUhxpjkENuG91ki8B4zCrvEsw=
github.com/akavel/rsrc v0.10.2/go.mod h1:uLoCtb9J+EyAqh+26kdrTgmzRBFPGOolLWKpdxkKq+c=
github.com/creack/pty v1.1.9/go.mod h1:oKZEueFk5CKHvIhNR5MUki03XCEU+Q6VDXinZuGJ33E=
github.com/davecgh/go-spew v1.1.1 h1:vj9j/u1bqnvCEfJOwUhtlOARqs3+rkHYY13jYWTU97c=
github.com/davecgh/go-spew v1.1.1/go.mod h1:J7Y8YcW2NihsgmVo/mv3lAwl/skON4iLHjSsI+c5H38=
github.com/felixge/fgprof v0.9.3 h1:VvyZxILNuCiUCSXtPtYmmtGvb65nqXh2QFWc0Wpf2/g=
github.com/felixge/fgprof v0.9.3/go.mod h1:RdbpDgzqYVh/T9fPELJyV7EYJuHB55UTEULNun8eiPw=
github.com/fredbi/uri v1.1.0 h1:OqLpTXtyRg9ABReqvDGdJPqZUxs8cyBDOMXBbskCaB8=
github.com/fredbi/uri v1.1.0/go.mod h1:aYTUoAXBOq7BLfVJ8GnKmfcuURosB1xyHDIfWeC/iW4=
github.com/fsnotify/fsnotify v1.9.0 h1:2Ml+OJNzbYCTzsxtv8vKSFD9PbJjmhYF14k/jKC7S9k=
github.com/fsnotify/fsnotify v1.9.0/go.mod h1:8jBTzvmWwFyi3Pb8djgCCO5IBqzKJ/Jwo8TRcHyHii0=
github.com/fyne-io/gl-js v0.2.0 h1:+EXMLVEa18EfkXBVKhifYB6OGs3HwKO3lUElA0LlAjs=
github.com/fyne-io/gl-js v0.2.0/go.mod h1:ZcepK8vmOYLu96JoxbCKJy2ybr+g1pTnaBDdl7c3ajI=
github.com/fyne-io/glfw-js v0.3.0 h1:d8k2+Y7l+zy2pc7wlGRyPfTgZoqDf3AI4G+2zOWhWUk=
github.com/fyne-io/glfw-js v0.3.0/go.mod h1:Ri6te7rdZtBgBpxLW19uBpp3Dl6K9K/bRaYdJ22G8Jk=
github.com/fyne-io/image v0.1.1 h1:WH0z4H7qfvNUw5l4p3bC1q70sa5+YWVt6HCj7y4VNyA=
github.com/fyne-io/image v0.1.1/go.mod h1:xrfYBh6yspc+KjkgdZU/ifUC9sPA5Iv7WYUBzQKK7JM=
github.com/fyne-io/oksvg v0.1.0 h1:7EUKk3HV3Y2E+qypp3nWqMXD7mum0hCw2KEGhI1fnBw=
github.com/fyne-io/oksvg v0.1.0/go.mod h1:dJ9oEkPiWhnTFNCmRgEze+YNprJF7YRbpjgpWS4kzoI=
github.com/go-gl/gl v0.0.0-20231021071112-07e5d0ea2e71 h1:5BVwOaUSBTlVZowGO6VZGw2H/zl9nrd3eCZfYV+NfQA=
github.com/go-gl/gl v0.0.0-20231021071112-07e5d0ea2e71/go.mod h1:9YTyiznxEY1fVinfM7RvRcjRHbw2xLBJ3AAGIT0I4Nw=
github.com/go-gl/glfw/v3.3/glfw v0.0.0-20240506104042-037f3cc74f2a h1:vxnBhFDDT+xzxf1jTJKMKZw3H0swfWk9RpWbBbDK5+0=
github.com/go-gl/glfw/v3.3/glfw v0.0.0-20240506104042-037f3cc74f2a/go.mod h1:tQ2UAYgL5IevRw8kRxooKSPJfGvJ9fJQFa0TUsXzTg8=
github.com/go-text/render v0.2.0 h1:LBYoTmp5jYiJ4NPqDc2pz17MLmA3wHw1dZSVGcOdeAc=
github.com/go-text/render v0.2.0/go.mod h1:CkiqfukRGKJA5vZZISkjSYrcdtgKQWRa2HIzvwNN5SU=
github.com/go-text/typesetting v0.2.1 h1:x0jMOGyO3d1qFAPI0j4GSsh7M0Q3Ypjzr4+CEVg82V8=
github.com/go-text/typesetting v0.2.1/go.mod h1:mTOxEwasOFpAMBjEQDhdWRckoLLeI/+qrQeBCTGEt6M=
github.com/go-text/typesetting-utils v0.0.0-20241103174707-87a29e9e6066 h1:qCuYC+94v2xrb1PoS4NIDe7DGYtLnU2wWiQe9a1B1c0=
github.com/go-text/typesetting-utils v0.0.0-20241103174707-87a29e9e6066/go.mod h1:DDxDdQEnB70R8owOx3LVpEFvpMK9eeH1o2r0yZhFI9o=
github.com/godbus/dbus/v5 v5.1.0 h1:4KLkAxT3aOY8Li4FRJe/KvhoNFFxo0m6fNuFUO8QJUk=
github.com/godbus/dbus/v5 v5.1.0/go.mod h1:xhWf0FNVPg57R7Z0UbKHbJfkEywrmjJnf7w5xrFpKfA=
github.com/google/pprof v0.0.0-20211214055906-6f57359322fd h1:1FjCyPC+syAzJ5/2S8fqdZK1R22vvA0J7JZKcuOIQ7Y=
github.com/google/pprof v0.0.0-20211214055906-6f57359322fd/go.mod h1:KgnwoLYCZ8IQu3XUZ8Nc/bM9CCZFOyjUNOSygVozoDg=
github.com/hack-pad/go-indexeddb v0.3.2 h1:DTqeJJYc1usa45Q5r52t01KhvlSN02+Oq+tQbSBI91A=
github.com/hack-pad/go-indexeddb v0.3.2/go.mod h1:QvfTevpDVlkfomY498LhstjwbPW6QC4VC/lxYb0Kom0=
github.com/hack-pad/safejs v0.1.0 h1:qPS6vjreAqh2amUqj4WNG1zIw7qlRQJ9K10eDKMCnE8=
github.com/hack-pad/safejs v0.1.0/go.mod h1:HdS+bKF1NrE72VoXZeWzxFOVQVUSqZJAG0xNCnb+Tio=
github.com/jeandeaual/go-locale v0.0.0-20250612000132-0ef82f21eade h1:FmusiCI1wHw+XQbvL9M+1r/C3SPqKrmBaIOYwVfQoDE=
github.com/jeandeaual/go-locale v0.0.0-20250612000132-0ef82f21eade/go.mod h1:ZDXo8KHryOWSIqnsb/CiDq7hQUYryCgdVnxbj8tDG7o=
github.com/jsummers/gobmp v0.0.0-20230614200233-a9de23ed2e25 h1:YLvr1eE6cdCqjOe972w/cYF+FjW34v27+9Vo5106B4M=
github.com/jsummers/gobmp v0.0.0-20230614200233-a9de23ed2e25/go.mod h1:kLgvv7o6UM+0QSf0QjAse3wReFDsb9qbZJdfexWlrQw=
github.com/kr/pretty v0.2.1 h1:Fmg33tUaq4/8ym9TJN1x7sLJnHVwhP33CNkpYV/7rwI=
github.com/kr/pretty v0.2.1/go.mod h1:ipq/a2n7PKx3OHsz4KJII5eveXtPO4qwEXGdVfWzfnI=
github.com/kr/pty v1.1.1/go.mod h1:pFQYn66WHrOpPYNljwOMqo10TkYh1fy3cYio2l3bCsQ=
github.com/kr/text v0.1.0/go.mod h1:4Jbv+DJW3UT/LiOwJeYQe1efqtUx/iVham/4vfdArNI=
github.com/kr/text v0.2.0 h1:5Nx0Ya0ZqY2ygV366QzturHI13Jq95ApcVaJBhpS+AY=
github.com/kr/text v0.2.0/go.mod h1:eLer722TekiGuMkidMxC/pM04lWEeraHUUmBw8l2grE=
github.com/nfnt/resize v0.0.0-20180221191011-83c6a9932646 h1:zYyBkD/k9seD2A7fsi6Oo2LfFZAehjjQMERAvZLEDnQ=
github.com/nfnt/resize v0.0.0-20180221191011-83c6a9932646/go.mod h1:jpp1/29i3P1S/RLdc7JQKbRpFeM1dOBd8T9ki5s+AY8=
github.com/nicksnyder/go-i18n/v2 v2.5.1 h1:IxtPxYsR9Gp60cGXjfuR/llTqV8aYMsC472zD0D1vHk=
github.com/nicksnyder/go-i18n/v2 v2.5.1/go.mod h1:DrhgsSDZxoAfvVrBVLXoxZn/pN5TXqaDbq7ju94viiQ=
github.com/pkg/profile v1.7.0 h1:hnbDkaNWPCLMO9wGLdBFTIZvzDrDfBM2072E1S9gJkA=
github.com/pkg/profile v1.7.0/go.mod h1:8Uer0jas47ZQMJ7VD+OHknK4YDY07LPUC6dEvqDjvNo=
github.com/pmezard/go-difflib v1.0.0 h1:4DBwDE0NGyQoBHbLQYPwSUPoCMWR5BEzIk/f1lZbAQM=
github.com/pmezard/go-difflib v1.0.0/go.mod h1:iKH77koFhYxTK1pcRnkKkqfTogsbg7gZNVY4sRDYZ/4=
github.com/rymdport/portal v0.4.1 h1:2dnZhjf5uEaeDjeF/yBIeeRo6pNI2QAKm7kq1w/kbnA=
github.com/rymdport/portal v0.4.1/go.mod h1:kFF4jslnJ8pD5uCi17brj/ODlfIidOxlgUDTO5ncnC4=
github.com/srwiley/oksvg v0.0.0-20221011165216-be6e8873101c h1:km8GpoQut05eY3GiYWEedbTT0qnSxrCjsVbb7yKY1KE=
github.com/srwiley/oksvg v0.0.0-20221011165216-be6e8873101c/go.mod h1:cNQ3dwVJtS5Hmnjxy6AgTPd0Inb3pW05ftPSX7NZO7Q=
github.com/srwiley/rasterx v0.0.0-20220730225603-2ab79fcdd4ef h1:Ch6Q+AZUxDBCVqdkI8FSpFyZDtCVBc2VmejdNrm5rRQ=
github.com/srwiley/rasterx v0.0.0-20220730225603-2ab79fcdd4ef/go.mod h1:nXTWP6+gD5+LUJ8krVhhoeHjvHTutPxMYl5SvkcnJNE=
github.com/stretchr/testify v1.10.0 h1:Xv5erBjTwe/5IxqUQTdXv5kgmIvbHo3QQyRwhJsOfJA=
github.com/stretchr/testify v1.10.0/go.mod h1:r2ic/lqez/lEtzL7wO/rwa5dbSLXVDPFyf8C91i36aY=
github.com/yuin/goldmark v1.7.8 h1:iERMLn0/QJeHFhxSt3p6PeN9mGnvIKSpG9YYorDMnic=
github.com/yuin/goldmark v1.7.8/go.mod h1:uzxRWxtg69N339t3louHJ7+O03ezfj6PlliRlaOzY1E=
golang.org/x/image v0.24.0 h1:AN7zRgVsbvmTfNyqIbbOraYL8mSwcKncEj8ofjgzcMQ=
golang.org/x/image v0.24.0/go.mod h1:4b/ITuLfqYq1hqZcjofwctIhi7sZh2WaCjvsBNjjya8=
golang.org/x/net v0.35.0 h1:T5GQRQb2y08kTAByq9L4/bz8cipCdA8FbRTXewonqY8=
golang.org/x/net v0.35.0/go.mod h1:EglIi67kWsHKlRzzVMUD93VMSWGFOMSZgxFjparz1Qk=
golang.org/x/sys v0.35.0 h1:vz1N37gP5bs89s7He8XuIYXpyY0+QlsKmzipCbUtyxI=
golang.org/x/sys v0.35.0/go.mod h1:BJP2sWEmIv4KK5OTEluFJCKSidICx8ciO85XgH3Ak8k=
golang.org/x/text v0.22.0 h1:bofq7m3/HAFvbF51jz3Q9wLg3jkvSPuiZu/pD1XwgtM=
golang.org/x/text v0.22.0/go.mod h1:YRoo4H8PVmsu+E3Ou7cqLVH8oXWIHVoX0jqUWALQhfY=
gopkg.in/check.v1 v0.0.0-20161208181325-20d25e280405/go.mod h1:Co6ibVJAznAaIkqp8huTwlJQCZ016jof/cbN4VW5Yz0=
gopkg.in/check.v1 v1.0.0-20201130134442-10cb98267c6c h1:Hei/4ADfdWqJk1ZMxUNpqntNwaWcugrBjAiHlqqRiVk=
gopkg.in/check.v1 v1.0.0-20201130134442-10cb98267c6c/go.mod h1:JHkPIbrfpd72SG/EVd6muEfDQjcINNoR0C8j2r3qZ4Q=
gopkg.in/yaml.v3 v3.0.1 h1:fxVm/GzAzEWqLHuvctI91KS9hhNmmWOoWu0XTYJS7CA=
gopkg.in/yaml.v3 v3.0.1/go.mod h1:K4uyk7z7BCEPqu6E+C64Yfv1cQ7kz7rIZviUmN+EgEM=
